
Microsoft Visual Studio Solution File, Format Version 12.00
# Visual Studio Version 17
VisualStudioVersion = 17.13.35919.96 d17.13
MinimumVisualStudioVersion = 10.0.40219.1
Project("{FAE04EC0-301F-11D3-BF4B-00C04F79EFBC}") = "Pustakalaya", "Pustakalaya\Pustakalaya.csproj", "{1337E627-AAFF-4E11-815A-BC9095135F8B}"
EndProject
Global
	GlobalSection(SolutionConfigurationPlatforms) = preSolution
		Debug|Any CPU = Debug|Any CPU
		Release|Any CPU = Release|Any CPU
	EndGlobalSection
	GlobalSection(ProjectConfigurationPlatforms) = postSolution
		{1337E627-AAFF-4E11-815A-BC9095135F8B}.Debug|Any CPU.ActiveCfg = Debug|Any CPU
		{1337E627-AAFF-4E11-815A-BC9095135F8B}.Debug|Any CPU.Build.0 = Debug|Any CPU
		{1337E627-AAFF-4E11-815A-BC9095135F8B}.Release|Any CPU.ActiveCfg = Release|Any CPU
		{1337E627-AAFF-4E11-815A-BC9095135F8B}.Release|Any CPU.Build.0 = Release|Any CPU
	EndGlobalSection
	GlobalSection(SolutionProperties) = preSolution
		HideSolutionNode = FALSE
	EndGlobalSection
	GlobalSection(ExtensibilityGlobals) = postSolution
		SolutionGuid = {5B74DCB0-9ACA-41B0-813E-5951FBF5F2F3}
	EndGlobalSection
EndGlobal
