
Microsoft Visual Studio Solution File, Format Version 12.00
Project("{FAE04EC0-301F-11D3-BF4B-00C04F79EFBC}") = "WebApplication2", "WebApplication2\WebApplication2.csproj", "{FD425AEA-D324-4E81-AF07-872214064109}"
EndProject
Global
	GlobalSection(SolutionConfigurationPlatforms) = preSolution
		Debug|Any CPU = Debug|Any CPU
		Release|Any CPU = Release|Any CPU
	EndGlobalSection
	GlobalSection(ProjectConfigurationPlatforms) = postSolution
		{FD425AEA-D324-4E81-AF07-872214064109}.Debug|Any CPU.ActiveCfg = Debug|Any CPU
		{FD425AEA-D324-4E81-AF07-872214064109}.Debug|Any CPU.Build.0 = Debug|Any CPU
		{FD425AEA-D324-4E81-AF07-872214064109}.Release|Any CPU.ActiveCfg = Release|Any CPU
		{FD425AEA-D324-4E81-AF07-872214064109}.Release|Any CPU.Build.0 = Release|Any CPU
	EndGlobalSection
EndGlobal
